Microsoft Visual Studio Solution File, Format Version 12.00
# Visual Studio Version 17
VisualStudioVersion = 17.0.31903.59
MinimumVisualStudioVersion = 10.0.40219.1
Project("{FAE04EC0-301F-11D3-BF4B-00C04F79EFBC}") = "PanelDeControl.Core", "src\PanelDeControl.Core\PanelDeControl.Core.csproj", "{4C328031-EB2F-40F6-B2CF-2B8E929235E5}"
EndProject
Project("{FAE04EC0-301F-11D3-BF4B-00C04F79EFBC}") = "PanelDeControl.Core.Tests", "tests\PanelDeControl.Core.Tests\PanelDeControl.Core.Tests.csproj", "{2EAA0E19-4A85-43F0-A367-47643D344254}"
EndProject
Global
	GlobalSection(SolutionConfigurationPlatforms) = preSolution
		Debug|Any CPU = Debug|Any CPU
		Release|Any CPU = Release|Any CPU
	EndGlobalSection
	GlobalSection(ProjectConfigurationPlatforms) = postSolution
		{4C328031-EB2F-40F6-B2CF-2B8E929235E5}.Debug|Any CPU.ActiveCfg = Debug|Any CPU
		{4C328031-EB2F-40F6-B2CF-2B8E929235E5}.Debug|Any CPU.Build.0 = Debug|Any CPU
		{4C328031-EB2F-40F6-B2CF-2B8E929235E5}.Release|Any CPU.ActiveCfg = Release|Any CPU
		{4C328031-EB2F-40F6-B2CF-2B8E929235E5}.Release|Any CPU.Build.0 = Release|Any CPU
		{2EAA0E19-4A85-43F0-A367-47643D344254}.Debug|Any CPU.ActiveCfg = Debug|Any CPU
		{2EAA0E19-4A85-43F0-A367-47643D344254}.Debug|Any CPU.Build.0 = Debug|Any CPU
		{2EAA0E19-4A85-43F0-A367-47643D344254}.Release|Any CPU.ActiveCfg = Release|Any CPU
		{2EAA0E19-4A85-43F0-A367-47643D344254}.Release|Any CPU.Build.0 = Release|Any CPU
	EndGlobalSection
EndGlobal
